// !$*UTF8*$!
{
	archiveVersion = 1;
	classes = {
	};
	objectVersion = 55;
	objects = {

/* Begin PBXBuildFile section */
		9904CEBD27737FB4007013FB /* Signal_Driver.swift in Sources */ = {isa = PBXBuildFile; fileRef = 9904CEBC27737FB4007013FB /* Signal_Driver.swift */; };
		9904CEBF277381A3007013FB /* Hot_Cold.swift in Sources */ = {isa = PBXBuildFile; fileRef = 9904CEBE277381A3007013FB /* Hot_Cold.swift */; };
		993561CD2772271F008B86C9 /* ObservableViewController.swift in Sources */ = {isa = PBXBuildFile; fileRef = 993561CC2772271F008B86C9 /* ObservableViewController.swift */; };
		993561CF27722BB2008B86C9 /* CompletableViewController.swift in Sources */ = {isa = PBXBuildFile; fileRef = 993561CE27722BB2008B86C9 /* CompletableViewController.swift */; };
		993561D127722DBC008B86C9 /* MaybeViewController.swift in Sources */ = {isa = PBXBuildFile; fileRef = 993561D027722DBC008B86C9 /* MaybeViewController.swift */; };
		995513E22762567000ACF33D /* SignleViewController.swift in Sources */ = {isa = PBXBuildFile; fileRef = 995513E12762567000ACF33D /* SignleViewController.swift */; };
		998B7F5D275E656A00FDD5E5 /* AppDelegate.swift in Sources */ = {isa = PBXBuildFile; fileRef = 998B7F5C275E656A00FDD5E5 /* AppDelegate.swift */; };
		998B7F5F275E656A00FDD5E5 /* SceneDelegate.swift in Sources */ = {isa = PBXBuildFile; fileRef = 998B7F5E275E656A00FDD5E5 /* SceneDelegate.swift */; };
		998B7F61275E656A00FDD5E5 /* ViewController.swift in Sources */ = {isa = PBXBuildFile; fileRef = 998B7F60275E656A00FDD5E5 /* ViewController.swift */; };
		998B7F64275E656A00FDD5E5 /* Main.storyboard in Resources */ = {isa = PBXBuildFile; fileRef = 998B7F62275E656A00FDD5E5 /* Main.storyboard */; };
		998B7F66275E656C00FDD5E5 /* Assets.xcassets in Resources */ = {isa = PBXBuildFile; fileRef = 998B7F65275E656C00FDD5E5 /* Assets.xcassets */; };
		998B7F69275E656C00FDD5E5 /* LaunchScreen.storyboard in Resources */ = {isa = PBXBuildFile; fileRef = 998B7F67275E656C00FDD5E5 /* LaunchScreen.storyboard */; };
		99ED535D2776FE7200573E2B /* Observer.swift in Sources */ = {isa = PBXBuildFile; fileRef = 99ED535C2776FE7200573E2B /* Observer.swift */; };
		99ED535F2777249200573E2B /* Subject.swift in Sources */ = {isa = PBXBuildFile; fileRef = 99ED535E2777249200573E2B /* Subject.swift */; };
		C6CA927A2E14E7BF5EB133EF /* libPods-rxDemo.a in Frameworks */ = {isa = PBXBuildFile; fileRef = 9C2CB228943792D3C6C07D95 /* libPods-rxDemo.a */; };
/* End PBXBuildFile section */

/* Begin PBXFileReference section */
		4408E46FA703B1A1EFC08543 /* Pods-rxDemo.release.xcconfig */ = {isa = PBXFileReference; includeInIndex = 1; lastKnownFileType = text.xcconfig; name = "Pods-rxDemo.release.xcconfig"; path = "Target Support Files/Pods-rxDemo/Pods-rxDemo.release.xcconfig"; sourceTree = "<group>"; };
		9904CEBC27737FB4007013FB /* Signal_Driver.swift */ = {isa = PBXFileReference; lastKnownFileType = sourcecode.swift; path = Signal_Driver.swift; sourceTree = "<group>"; };
		9904CEBE277381A3007013FB /* Hot_Cold.swift */ = {isa = PBXFileReference; lastKnownFileType = sourcecode.swift; path = Hot_Cold.swift; sourceTree = "<group>"; };
		993561CC2772271F008B86C9 /* ObservableViewController.swift */ = {isa = PBXFileReference; lastKnownFileType = sourcecode.swift; path = ObservableViewController.swift; sourceTree = "<group>"; };
		993561CE27722BB2008B86C9 /* CompletableViewController.swift */ = {isa = PBXFileReference; lastKnownFileType = sourcecode.swift; path = CompletableViewController.swift; sourceTree = "<group>"; };
		993561D027722DBC008B86C9 /* MaybeViewController.swift */ = {isa = PBXFileReference; lastKnownFileType = sourcecode.swift; path = MaybeViewController.swift; sourceTree = "<group>"; };
		995513E12762567000ACF33D /* SignleViewController.swift */ = {isa = PBXFileReference; lastKnownFileType = sourcecode.swift; path = SignleViewController.swift; sourceTree = "<group>"; };
		998B7F59275E656A00FDD5E5 /* rxDemo.app */ = {isa = PBXFileReference; explicitFileType = wrapper.application; includeInIndex = 0; path = rxDemo.app; sourceTree = BUILT_PRODUCTS_DIR; };
		998B7F5C275E656A00FDD5E5 /* AppDelegate.swift */ = {isa = PBXFileReference; lastKnownFileType = sourcecode.swift; path = AppDelegate.swift; sourceTree = "<group>"; };
		998B7F5E275E656A00FDD5E5 /* SceneDelegate.swift */ = {isa = PBXFileReference; lastKnownFileType = sourcecode.swift; path = SceneDelegate.swift; sourceTree = "<group>"; };
		998B7F60275E656A00FDD5E5 /* ViewController.swift */ = {isa = PBXFileReference; lastKnownFileType = sourcecode.swift; path = ViewController.swift; sourceTree = "<group>"; };
		998B7F63275E656A00FDD5E5 /* Base */ = {isa = PBXFileReference; lastKnownFileType = file.storyboard; name = Base; path = Base.lproj/Main.storyboard; sourceTree = "<group>"; };
		998B7F65275E656C00FDD5E5 /* Assets.xcassets */ = {isa = PBXFileReference; lastKnownFileType = folder.assetcatalog; path = Assets.xcassets; sourceTree = "<group>"; };
		998B7F68275E656C00FDD5E5 /* Base */ = {isa = PBXFileReference; lastKnownFileType = file.storyboard; name = Base; path = Base.lproj/LaunchScreen.storyboard; sourceTree = "<group>"; };
		998B7F6A275E656C00FDD5E5 /* Info.plist */ = {isa = PBXFileReference; lastKnownFileType = text.plist.xml; path = Info.plist; sourceTree = "<group>"; };
		99ED535C2776FE7200573E2B /* Observer.swift */ = {isa = PBXFileReference; lastKnownFileType = sourcecode.swift; path = Observer.swift; sourceTree = "<group>"; };
		99ED535E2777249200573E2B /* Subject.swift */ = {isa = PBXFileReference; lastKnownFileType = sourcecode.swift; path = Subject.swift; sourceTree = "<group>"; };
		9C2CB228943792D3C6C07D95 /* libPods-rxDemo.a */ = {isa = PBXFileReference; explicitFileType = archive.ar; includeInIndex = 0; path = "libPods-rxDemo.a"; sourceTree = BUILT_PRODUCTS_DIR; };
		AEBD800ACEBF3F4DE8315A37 /* Pods-rxDemo.debug.xcconfig */ = {isa = PBXFileReference; includeInIndex = 1; lastKnownFileType = text.xcconfig; name = "Pods-rxDemo.debug.xcconfig"; path = "Target Support Files/Pods-rxDemo/Pods-rxDemo.debug.xcconfig"; sourceTree = "<group>"; };
/* End PBXFileReference section */

/* Begin PBXFrameworksBuildPhase section */
		998B7F56275E656A00FDD5E5 /* Frameworks */ = {
			isa = PBXFrameworksBuildPhase;
			buildActionMask = 2147483647;
			files = (
				C6CA927A2E14E7BF5EB133EF /* libPods-rxDemo.a in Frameworks */,
			);
			runOnlyForDeploymentPostprocessing = 0;
		};
/* End PBXFrameworksBuildPhase section */

/* Begin PBXGroup section */
		284E7285C1157FD656EEA985 /* Frameworks */ = {
			isa = PBXGroup;
			children = (
				9C2CB228943792D3C6C07D95 /* libPods-rxDemo.a */,
			);
			name = Frameworks;
			sourceTree = "<group>";
		};
		47199FFDF9443AD3F05C6876 /* Pods */ = {
			isa = PBXGroup;
			children = (
				AEBD800ACEBF3F4DE8315A37 /* Pods-rxDemo.debug.xcconfig */,
				4408E46FA703B1A1EFC08543 /* Pods-rxDemo.release.xcconfig */,
			);
			path = Pods;
			sourceTree = "<group>";
		};
		998B7F50275E656A00FDD5E5 = {
			isa = PBXGroup;
			children = (
				998B7F5B275E656A00FDD5E5 /* rxDemo */,
				998B7F5A275E656A00FDD5E5 /* Products */,
				47199FFDF9443AD3F05C6876 /* Pods */,
				284E7285C1157FD656EEA985 /* Frameworks */,
			);
			sourceTree = "<group>";
		};
		998B7F5A275E656A00FDD5E5 /* Products */ = {
			isa = PBXGroup;
			children = (
				998B7F59275E656A00FDD5E5 /* rxDemo.app */,
			);
			name = Products;
			sourceTree = "<group>";
		};
		998B7F5B275E656A00FDD5E5 /* rxDemo */ = {
			isa = PBXGroup;
			children = (
				998B7F5C275E656A00FDD5E5 /* AppDelegate.swift */,
				998B7F5E275E656A00FDD5E5 /* SceneDelegate.swift */,
				998B7F60275E656A00FDD5E5 /* ViewController.swift */,
				99E36A7727610C1C00817732 /* Disposable */,
				99E36A7527610C1C00817732 /* Obervable */,
				99E36A7427610C1C00817732 /* Oberver */,
				99E36A7627610C1C00817732 /* Schedulers */,
				998B7F62275E656A00FDD5E5 /* Main.storyboard */,
				998B7F65275E656C00FDD5E5 /* Assets.xcassets */,
				998B7F67275E656C00FDD5E5 /* LaunchScreen.storyboard */,
				998B7F6A275E656C00FDD5E5 /* Info.plist */,
			);
			path = rxDemo;
			sourceTree = "<group>";
		};
		99E36A7427610C1C00817732 /* Oberver */ = {
			isa = PBXGroup;
			children = (
			);
			path = Oberver;
			sourceTree = "<group>";
		};
		99E36A7527610C1C00817732 /* Obervable */ = {
			isa = PBXGroup;
			children = (
				995513E12762567000ACF33D /* SignleViewController.swift */,
				993561CC2772271F008B86C9 /* ObservableViewController.swift */,
				993561CE27722BB2008B86C9 /* CompletableViewController.swift */,
				993561D027722DBC008B86C9 /* MaybeViewController.swift */,
				9904CEBC27737FB4007013FB /* Signal_Driver.swift */,
				9904CEBE277381A3007013FB /* Hot_Cold.swift */,
				99ED535C2776FE7200573E2B /* Observer.swift */,
				99ED535E2777249200573E2B /* Subject.swift */,
			);
			path = Obervable;
			sourceTree = "<group>";
		};
		99E36A7627610C1C00817732 /* Schedulers */ = {
			isa = PBXGroup;
			children = (
			);
			path = Schedulers;
			sourceTree = "<group>";
		};
		99E36A7727610C1C00817732 /* Disposable */ = {
			isa = PBXGroup;
			children = (
			);
			path = Disposable;
			sourceTree = "<group>";
		};
/* End PBXGroup section */

/* Begin PBXNativeTarget section */
		998B7F58275E656A00FDD5E5 /* rxDemo */ = {
			isa = PBXNativeTarget;
			buildConfigurationList = 998B7F6D275E656C00FDD5E5 /* Build configuration list for PBXNativeTarget "rxDemo" */;
			buildPhases = (
				B8D290A30E60984F2B1FEFD9 /* [CP] Check Pods Manifest.lock */,
				998B7F55275E656A00FDD5E5 /* Sources */,
				998B7F56275E656A00FDD5E5 /* Frameworks */,
				998B7F57275E656A00FDD5E5 /* Resources */,
			);
			buildRules = (
			);
			dependencies = (
			);
			name = rxDemo;
			packageProductDependencies = (
			);
			productName = rxDemo;
			productReference = 998B7F59275E656A00FDD5E5 /* rxDemo.app */;
			productType = "com.apple.product-type.application";
		};
/* End PBXNativeTarget section */

/* Begin PBXProject section */
		998B7F51275E656A00FDD5E5 /* Project object */ = {
			isa = PBXProject;
			attributes = {
				BuildIndependentTargetsInParallel = 1;
				LastSwiftUpdateCheck = 1310;
				LastUpgradeCheck = 1310;
				TargetAttributes = {
					998B7F58275E656A00FDD5E5 = {
						CreatedOnToolsVersion = 13.1;
					};
				};
			};
			buildConfigurationList = 998B7F54275E656A00FDD5E5 /* Build configuration list for PBXProject "rxDemo" */;
			compatibilityVersion = "Xcode 13.0";
			developmentRegion = en;
			hasScannedForEncodings = 0;
			knownRegions = (
				en,
				Base,
			);
			mainGroup = 998B7F50275E656A00FDD5E5;
			packageReferences = (
			);
			productRefGroup = 998B7F5A275E656A00FDD5E5 /* Products */;
			projectDirPath = "";
			projectRoot = "";
			targets = (
				998B7F58275E656A00FDD5E5 /* rxDemo */,
			);
		};
/* End PBXProject section */

/* Begin PBXResourcesBuildPhase section */
		998B7F57275E656A00FDD5E5 /* Resources */ = {
			isa = PBXResourcesBuildPhase;
			buildActionMask = 2147483647;
			files = (
				998B7F69275E656C00FDD5E5 /* LaunchScreen.storyboard in Resources */,
				998B7F66275E656C00FDD5E5 /* Assets.xcassets in Resources */,
				998B7F64275E656A00FDD5E5 /* Main.storyboard in Resources */,
			);
			runOnlyForDeploymentPostprocessing = 0;
		};
/* End PBXResourcesBuildPhase section */

/* Begin PBXShellScriptBuildPhase section */
		B8D290A30E60984F2B1FEFD9 /* [CP] Check Pods Manifest.lock */ = {
			isa = PBXShellScriptBuildPhase;
			buildActionMask = 2147483647;
			files = (
			);
			inputFileListPaths = (
			);
			inputPaths = (
				"${PODS_PODFILE_DIR_PATH}/Podfile.lock",
				"${PODS_ROOT}/Manifest.lock",
			);
			name = "[CP] Check Pods Manifest.lock";
			outputFileListPaths = (
			);
			outputPaths = (
				"$(DERIVED_FILE_DIR)/Pods-rxDemo-checkManifestLockResult.txt",
			);
			runOnlyForDeploymentPostprocessing = 0;
			shellPath = /bin/sh;
			shellScript = "diff \"${PODS_PODFILE_DIR_PATH}/Podfile.lock\" \"${PODS_ROOT}/Manifest.lock\" > /dev/null\nif [ $? != 0 ] ; then\n    # print error to STDERR\n    echo \"error: The sandbox is not in sync with the Podfile.lock. Run 'pod install' or update your CocoaPods installation.\" >&2\n    exit 1\nfi\n# This output is used by Xcode 'outputs' to avoid re-running this script phase.\necho \"SUCCESS\" > \"${SCRIPT_OUTPUT_FILE_0}\"\n";
			showEnvVarsInLog = 0;
		};
/* End PBXShellScriptBuildPhase section */

/* Begin PBXSourcesBuildPhase section */
		998B7F55275E656A00FDD5E5 /* Sources */ = {
			isa = PBXSourcesBuildPhase;
			buildActionMask = 2147483647;
			files = (
				998B7F61275E656A00FDD5E5 /* ViewController.swift in Sources */,
				99ED535D2776FE7200573E2B /* Observer.swift in Sources */,
				993561D127722DBC008B86C9 /* MaybeViewController.swift in Sources */,
				993561CF27722BB2008B86C9 /* CompletableViewController.swift in Sources */,
				99ED535F2777249200573E2B /* Subject.swift in Sources */,
				998B7F5D275E656A00FDD5E5 /* AppDelegate.swift in Sources */,
				995513E22762567000ACF33D /* SignleViewController.swift in Sources */,
				9904CEBF277381A3007013FB /* Hot_Cold.swift in Sources */,
				993561CD2772271F008B86C9 /* ObservableViewController.swift in Sources */,
				9904CEBD27737FB4007013FB /* Signal_Driver.swift in Sources */,
				998B7F5F275E656A00FDD5E5 /* SceneDelegate.swift in Sources */,
			);
			runOnlyForDeploymentPostprocessing = 0;
		};
/* End PBXSourcesBuildPhase section */

/* Begin PBXVariantGroup section */
		998B7F62275E656A00FDD5E5 /* Main.storyboard */ = {
			isa = PBXVariantGroup;
			children = (
				998B7F63275E656A00FDD5E5 /* Base */,
			);
			name = Main.storyboard;
			sourceTree = "<group>";
		};
		998B7F67275E656C00FDD5E5 /* LaunchScreen.storyboard */ = {
			isa = PBXVariantGroup;
			children = (
				998B7F68275E656C00FDD5E5 /* Base */,
			);
			name = LaunchScreen.storyboard;
			sourceTree = "<group>";
		};
/* End PBXVariantGroup section */

/* Begin XCBuildConfiguration section */
		998B7F6B275E656C00FDD5E5 /* Debug */ = {
			isa = XCBuildConfiguration;
			buildSettings = {
				ALWAYS_SEARCH_USER_PATHS = NO;
				CLANG_ANALYZER_NONNULL = YES;
				CLANG_ANALYZER_NUMBER_OBJECT_CONVERSION = YES_AGGRESSIVE;
				CLANG_CXX_LANGUAGE_STANDARD = "gnu++17";
				CLANG_CXX_LIBRARY = "libc++";
				CLANG_ENABLE_MODULES = YES;
				CLANG_ENABLE_OBJC_ARC = YES;
				CLANG_ENABLE_OBJC_WEAK = YES;
				CLANG_WARN_BLOCK_CAPTURE_AUTORELEASING = YES;
				CLANG_WARN_BOOL_CONVERSION = YES;
				CLANG_WARN_COMMA = YES;
				CLANG_WARN_CONSTANT_CONVERSION = YES;
				CLANG_WARN_DEPRECATED_OBJC_IMPLEMENTATIONS = YES;
				CLANG_WARN_DIRECT_OBJC_ISA_USAGE = YES_ERROR;
				CLANG_WARN_DOCUMENTATION_COMMENTS = YES;
				CLANG_WARN_EMPTY_BODY = YES;
				CLANG_WARN_ENUM_CONVERSION = YES;
				CLANG_WARN_INFINITE_RECURSION = YES;
				CLANG_WARN_INT_CONVERSION = YES;
				CLANG_WARN_NON_LITERAL_NULL_CONVERSION = YES;
				CLANG_WARN_OBJC_IMPLICIT_RETAIN_SELF = YES;
				CLANG_WARN_OBJC_LITERAL_CONVERSION = YES;
				CLANG_WARN_OBJC_ROOT_CLASS = YES_ERROR;
				CLANG_WARN_QUOTED_INCLUDE_IN_FRAMEWORK_HEADER = YES;
				CLANG_WARN_RANGE_LOOP_ANALYSIS = YES;
				CLANG_WARN_STRICT_PROTOTYPES = YES;
				CLANG_WARN_SUSPICIOUS_MOVE = YES;
				CLANG_WARN_UNGUARDED_AVAILABILITY = YES_AGGRESSIVE;
				CLANG_WARN_UNREACHABLE_CODE = YES;
				CLANG_WARN__DUPLICATE_METHOD_MATCH = YES;
				COPY_PHASE_STRIP = NO;
				DEBUG_INFORMATION_FORMAT = dwarf;
				ENABLE_STRICT_OBJC_MSGSEND = YES;
				ENABLE_TESTABILITY = YES;
				GCC_C_LANGUAGE_STANDARD = gnu11;
				GCC_DYNAMIC_NO_PIC = NO;
				GCC_NO_COMMON_BLOCKS = YES;
				GCC_OPTIMIZATION_LEVEL = 0;
				GCC_PREPROCESSOR_DEFINITIONS = (
					"DEBUG=1",
					"$(inherited)",
				);
				GCC_WARN_64_TO_32_BIT_CONVERSION = YES;
				GCC_WARN_ABOUT_RETURN_TYPE = YES_ERROR;
				GCC_WARN_UNDECLARED_SELECTOR = YES;
				GCC_WARN_UNINITIALIZED_AUTOS = YES_AGGRESSIVE;
				GCC_WARN_UNUSED_FUNCTION = YES;
				GCC_WARN_UNUSED_VARIABLE = YES;
				IPHONEOS_DEPLOYMENT_TARGET = 15.0;
				MTL_ENABLE_DEBUG_INFO = INCLUDE_SOURCE;
				MTL_FAST_MATH = YES;
				ONLY_ACTIVE_ARCH = YES;
				SDKROOT = iphoneos;
				SWIFT_ACTIVE_COMPILATION_CONDITIONS = DEBUG;
				SWIFT_OPTIMIZATION_LEVEL = "-Onone";
			};
			name = Debug;
		};
		998B7F6C275E656C00FDD5E5 /* Release */ = {
			isa = XCBuildConfiguration;
			buildSettings = {
				ALWAYS_SEARCH_USER_PATHS = NO;
				CLANG_ANALYZER_NONNULL = YES;
				CLANG_ANALYZER_NUMBER_OBJECT_CONVERSION = YES_AGGRESSIVE;
				CLANG_CXX_LANGUAGE_STANDARD = "gnu++17";
				CLANG_CXX_LIBRARY = "libc++";
				CLANG_ENABLE_MODULES = YES;
				CLANG_ENABLE_OBJC_ARC = YES;
				CLANG_ENABLE_OBJC_WEAK = YES;
				CLANG_WARN_BLOCK_CAPTURE_AUTORELEASING = YES;
				CLANG_WARN_BOOL_CONVERSION = YES;
				CLANG_WARN_COMMA = YES;
				CLANG_WARN_CONSTANT_CONVERSION = YES;
				CLANG_WARN_DEPRECATED_OBJC_IMPLEMENTATIONS = YES;
				CLANG_WARN_DIRECT_OBJC_ISA_USAGE = YES_ERROR;
				CLANG_WARN_DOCUMENTATION_COMMENTS = YES;
				CLANG_WARN_EMPTY_BODY = YES;
				CLANG_WARN_ENUM_CONVERSION = YES;
				CLANG_WARN_INFINITE_RECURSION = YES;
				CLANG_WARN_INT_CONVERSION = YES;
				CLANG_WARN_NON_LITERAL_NULL_CONVERSION = YES;
				CLANG_WARN_OBJC_IMPLICIT_RETAIN_SELF = YES;
				CLANG_WARN_OBJC_LITERAL_CONVERSION = YES;
				CLANG_WARN_OBJC_ROOT_CLASS = YES_ERROR;
				CLANG_WARN_QUOTED_INCLUDE_IN_FRAMEWORK_HEADER = YES;
				CLANG_WARN_RANGE_LOOP_ANALYSIS = YES;
				CLANG_WARN_STRICT_PROTOTYPES = YES;
				CLANG_WARN_SUSPICIOUS_MOVE = YES;
				CLANG_WARN_UNGUARDED_AVAILABILITY = YES_AGGRESSIVE;
				CLANG_WARN_UNREACHABLE_CODE = YES;
				CLANG_WARN__DUPLICATE_METHOD_MATCH = YES;
				COPY_PHASE_STRIP = NO;
				DEBUG_INFORMATION_FORMAT = "dwarf-with-dsym";
				ENABLE_NS_ASSERTIONS = NO;
				ENABLE_STRICT_OBJC_MSGSEND = YES;
				GCC_C_LANGUAGE_STANDARD = gnu11;
				GCC_NO_COMMON_BLOCKS = YES;
				GCC_WARN_64_TO_32_BIT_CONVERSION = YES;
				GCC_WARN_ABOUT_RETURN_TYPE = YES_ERROR;
				GCC_WARN_UNDECLARED_SELECTOR = YES;
				GCC_WARN_UNINITIALIZED_AUTOS = YES_AGGRESSIVE;
				GCC_WARN_UNUSED_FUNCTION = YES;
				GCC_WARN_UNUSED_VARIABLE = YES;
				IPHONEOS_DEPLOYMENT_TARGET = 15.0;
				MTL_ENABLE_DEBUG_INFO = NO;
				MTL_FAST_MATH = YES;
				SDKROOT = iphoneos;
				SWIFT_COMPILATION_MODE = wholemodule;
				SWIFT_OPTIMIZATION_LEVEL = "-O";
				VALIDATE_PRODUCT = YES;
			};
			name = Release;
		};
		998B7F6E275E656C00FDD5E5 /* Debug */ = {
			isa = XCBuildConfiguration;
			baseConfigurationReference = AEBD800ACEBF3F4DE8315A37 /* Pods-rxDemo.debug.xcconfig */;
			buildSettings = {
				ASSETCATALOG_COMPILER_APPICON_NAME = AppIcon;
				ASSETCATALOG_COMPILER_GLOBAL_ACCENT_COLOR_NAME = AccentColor;
				CODE_SIGN_STYLE = Automatic;
				CURRENT_PROJECT_VERSION = 1;
				DEVELOPMENT_TEAM = T2RS3LYLB6;
				GENERATE_INFOPLIST_FILE = YES;
				INFOPLIST_FILE = rxDemo/Info.plist;
				INFOPLIST_KEY_UIApplicationSupportsIndirectInputEvents = YES;
				INFOPLIST_KEY_UILaunchStoryboardName = LaunchScreen;
				INFOPLIST_KEY_UIMainStoryboardFile = Main;
				INFOPLIST_KEY_UISupportedInterfaceOrientations_iPad = "UIInterfaceOrientationPortrait UIInterfaceOrientationPortraitUpsideDown UIInterfaceOrientationLandscapeLeft UIInterfaceOrientationLandscapeRight";
				INFOPLIST_KEY_UISupportedInterfaceOrientations_iPhone = "UIInterfaceOrientationPortrait UIInterfaceOrientationLandscapeLeft UIInterfaceOrientationLandscapeRight";
				LD_RUNPATH_SEARCH_PATHS = (
					"$(inherited)",
					"@executable_path/Frameworks",
				);
				MARKETING_VERSION = 1.0;
				PRODUCT_BUNDLE_IDENTIFIER = www.forc.com.rxswift.rxDemo;
				PRODUCT_NAME = "$(TARGET_NAME)";
				SWIFT_EMIT_LOC_STRINGS = YES;
				SWIFT_VERSION = 5.0;
				TARGETED_DEVICE_FAMILY = "1,2";
			};
			name = Debug;
		};
		998B7F6F275E656C00FDD5E5 /* Release */ = {
			isa = XCBuildConfiguration;
			baseConfigurationReference = 4408E46FA703B1A1EFC08543 /* Pods-rxDemo.release.xcconfig */;
			buildSettings = {
				ASSETCATALOG_COMPILER_APPICON_NAME = AppIcon;
				ASSETCATALOG_COMPILER_GLOBAL_ACCENT_COLOR_NAME = AccentColor;
				CODE_SIGN_STYLE = Automatic;
				CURRENT_PROJECT_VERSION = 1;
				DEVELOPMENT_TEAM = T2RS3LYLB6;
				GENERATE_INFOPLIST_FILE = YES;
				INFOPLIST_FILE = rxDemo/Info.plist;
				INFOPLIST_KEY_UIApplicationSupportsIndirectInputEvents = YES;
				INFOPLIST_KEY_UILaunchStoryboardName = LaunchScreen;
				INFOPLIST_KEY_UIMainStoryboardFile = Main;
				INFOPLIST_KEY_UISupportedInterfaceOrientations_iPad = "UIInterfaceOrientationPortrait UIInterfaceOrientationPortraitUpsideDown UIInterfaceOrientationLandscapeLeft UIInterfaceOrientationLandscapeRight";
				INFOPLIST_KEY_UISupportedInterfaceOrientations_iPhone = "UIInterfaceOrientationPortrait UIInterfaceOrientationLandscapeLeft UIInterfaceOrientationLandscapeRight";
				LD_RUNPATH_SEARCH_PATHS = (
					"$(inherited)",
					"@executable_path/Frameworks",
				);
				MARKETING_VERSION = 1.0;
				PRODUCT_BUNDLE_IDENTIFIER = www.forc.com.rxswift.rxDemo;
				PRODUCT_NAME = "$(TARGET_NAME)";
				SWIFT_EMIT_LOC_STRINGS = YES;
				SWIFT_VERSION = 5.0;
				TARGETED_DEVICE_FAMILY = "1,2";
			};
			name = Release;
		};
/* End XCBuildConfiguration section */

/* Begin XCConfigurationList section */
		998B7F54275E656A00FDD5E5 /* Build configuration list for PBXProject "rxDemo" */ = {
			isa = XCConfigurationList;
			buildConfigurations = (
				998B7F6B275E656C00FDD5E5 /* Debug */,
				998B7F6C275E656C00FDD5E5 /* Release */,
			);
			defaultConfigurationIsVisible = 0;
			defaultConfigurationName = Release;
		};
		998B7F6D275E656C00FDD5E5 /* Build configuration list for PBXNativeTarget "rxDemo" */ = {
			isa = XCConfigurationList;
			buildConfigurations = (
				998B7F6E275E656C00FDD5E5 /* Debug */,
				998B7F6F275E656C00FDD5E5 /* Release */,
			);
			defaultConfigurationIsVisible = 0;
			defaultConfigurationName = Release;
		};
/* End XCConfigurationList section */
	};
	rootObject = 998B7F51275E656A00FDD5E5 /* Project object */;
}
